
Microsoft Visual Studio Solution File, Format Version 12.00
# Visual Studio Version 17
VisualStudioVersion = 17.0.31612.314
MinimumVisualStudioVersion = 10.0.40219.1
Project("{9A19103F-16F7-4668-BE54-9A1E7A4F7556}") = "kriss", "ConsoleGame\kriss.csproj", "{246831A0-FA11-47D1-B267-F188EF301505}"
EndProject
Project("{9A19103F-16F7-4668-BE54-9A1E7A4F7556}") = "lybra", "lybra\lybra.csproj", "{EA77EEEC-4E77-4E8C-B3A5-638FB4A09AF7}"
EndProject
Project("{9A19103F-16F7-4668-BE54-9A1E7A4F7556}") = "tests", "tests\tests.csproj", "{04B571CD-11EC-48AE-9626-7BA1CE47CC7D}"
EndProject
Global
	GlobalSection(SolutionConfigurationPlatforms) = preSolution
		Debug|Any CPU = Debug|Any CPU
		Debug|ARM = Debug|ARM
		Debug|ARM64 = Debug|ARM64
		Debug|x64 = Debug|x64
		Debug|x86 = Debug|x86
		Release|Any CPU = Release|Any CPU
		Release|ARM = Release|ARM
		Release|ARM64 = Release|ARM64
		Release|x64 = Release|x64
		Release|x86 = Release|x86
	EndGlobalSection
	GlobalSection(ProjectConfigurationPlatforms) = postSolution
		{246831A0-FA11-47D1-B267-F188EF301505}.Debug|Any CPU.ActiveCfg = Debug|Any CPU
		{246831A0-FA11-47D1-B267-F188EF301505}.Debug|Any CPU.Build.0 = Debug|Any CPU
		{246831A0-FA11-47D1-B267-F188EF301505}.Debug|ARM.ActiveCfg = Debug|Any CPU
		{246831A0-FA11-47D1-B267-F188EF301505}.Debug|ARM.Build.0 = Debug|Any CPU
		{246831A0-FA11-47D1-B267-F188EF301505}.Debug|ARM64.ActiveCfg = Debug|Any CPU
		{246831A0-FA11-47D1-B267-F188EF301505}.Debug|ARM64.Build.0 = Debug|Any CPU
		{246831A0-FA11-47D1-B267-F188EF301505}.Debug|x64.ActiveCfg = Debug|Any CPU
		{246831A0-FA11-47D1-B267-F188EF301505}.Debug|x64.Build.0 = Debug|Any CPU
		{246831A0-FA11-47D1-B267-F188EF301505}.Debug|x86.ActiveCfg = Debug|Any CPU
		{246831A0-FA11-47D1-B267-F188EF301505}.Debug|x86.Build.0 = Debug|Any CPU
		{246831A0-FA11-47D1-B267-F188EF301505}.Release|Any CPU.ActiveCfg = Release|Any CPU
		{246831A0-FA11-47D1-B267-F188EF301505}.Release|Any CPU.Build.0 = Release|Any CPU
		{246831A0-FA11-47D1-B267-F188EF301505}.Release|ARM.ActiveCfg = Release|Any CPU
		{246831A0-FA11-47D1-B267-F188EF301505}.Release|ARM.Build.0 = Release|Any CPU
		{246831A0-FA11-47D1-B267-F188EF301505}.Release|ARM64.ActiveCfg = Release|Any CPU
		{246831A0-FA11-47D1-B267-F188EF301505}.Release|ARM64.Build.0 = Release|Any CPU
		{246831A0-FA11-47D1-B267-F188EF301505}.Release|x64.ActiveCfg = Release|Any CPU
		{246831A0-FA11-47D1-B267-F188EF301505}.Release|x64.Build.0 = Release|Any CPU
		{246831A0-FA11-47D1-B267-F188EF301505}.Release|x86.ActiveCfg = Release|Any CPU
		{246831A0-FA11-47D1-B267-F188EF301505}.Release|x86.Build.0 = Release|Any CPU
		{EA77EEEC-4E77-4E8C-B3A5-638FB4A09AF7}.Debug|Any CPU.ActiveCfg = Debug|Any CPU
		{EA77EEEC-4E77-4E8C-B3A5-638FB4A09AF7}.Debug|Any CPU.Build.0 = Debug|Any CPU
		{EA77EEEC-4E77-4E8C-B3A5-638FB4A09AF7}.Debug|ARM.ActiveCfg = Debug|Any CPU
		{EA77EEEC-4E77-4E8C-B3A5-638FB4A09AF7}.Debug|ARM.Build.0 = Debug|Any CPU
		{EA77EEEC-4E77-4E8C-B3A5-638FB4A09AF7}.Debug|ARM64.ActiveCfg = Debug|Any CPU
		{EA77EEEC-4E77-4E8C-B3A5-638FB4A09AF7}.Debug|ARM64.Build.0 = Debug|Any CPU
		{EA77EEEC-4E77-4E8C-B3A5-638FB4A09AF7}.Debug|x64.ActiveCfg = Debug|Any CPU
		{EA77EEEC-4E77-4E8C-B3A5-638FB4A09AF7}.Debug|x64.Build.0 = Debug|Any CPU
		{EA77EEEC-4E77-4E8C-B3A5-638FB4A09AF7}.Debug|x86.ActiveCfg = Debug|Any CPU
		{EA77EEEC-4E77-4E8C-B3A5-638FB4A09AF7}.Debug|x86.Build.0 = Debug|Any CPU
		{EA77EEEC-4E77-4E8C-B3A5-638FB4A09AF7}.Release|Any CPU.ActiveCfg = Release|Any CPU
		{EA77EEEC-4E77-4E8C-B3A5-638FB4A09AF7}.Release|Any CPU.Build.0 = Release|Any CPU
		{EA77EEEC-4E77-4E8C-B3A5-638FB4A09AF7}.Release|ARM.ActiveCfg = Release|Any CPU
		{EA77EEEC-4E77-4E8C-B3A5-638FB4A09AF7}.Release|ARM.Build.0 = Release|Any CPU
		{EA77EEEC-4E77-4E8C-B3A5-638FB4A09AF7}.Release|ARM64.ActiveCfg = Release|Any CPU
		{EA77EEEC-4E77-4E8C-B3A5-638FB4A09AF7}.Release|ARM64.Build.0 = Release|Any CPU
		{EA77EEEC-4E77-4E8C-B3A5-638FB4A09AF7}.Release|x64.ActiveCfg = Release|Any CPU
		{EA77EEEC-4E77-4E8C-B3A5-638FB4A09AF7}.Release|x64.Build.0 = Release|Any CPU
		{EA77EEEC-4E77-4E8C-B3A5-638FB4A09AF7}.Release|x86.ActiveCfg = Release|Any CPU
		{EA77EEEC-4E77-4E8C-B3A5-638FB4A09AF7}.Release|x86.Build.0 = Release|Any CPU
		{04B571CD-11EC-48AE-9626-7BA1CE47CC7D}.Debug|Any CPU.ActiveCfg = Debug|Any CPU
		{04B571CD-11EC-48AE-9626-7BA1CE47CC7D}.Debug|Any CPU.Build.0 = Debug|Any CPU
		{04B571CD-11EC-48AE-9626-7BA1CE47CC7D}.Debug|ARM.ActiveCfg = Debug|Any CPU
		{04B571CD-11EC-48AE-9626-7BA1CE47CC7D}.Debug|ARM.Build.0 = Debug|Any CPU
		{04B571CD-11EC-48AE-9626-7BA1CE47CC7D}.Debug|ARM64.ActiveCfg = Debug|Any CPU
		{04B571CD-11EC-48AE-9626-7BA1CE47CC7D}.Debug|ARM64.Build.0 = Debug|Any CPU
		{04B571CD-11EC-48AE-9626-7BA1CE47CC7D}.Debug|x64.ActiveCfg = Debug|Any CPU
		{04B571CD-11EC-48AE-9626-7BA1CE47CC7D}.Debug|x64.Build.0 = Debug|Any CPU
		{04B571CD-11EC-48AE-9626-7BA1CE47CC7D}.Debug|x86.ActiveCfg = Debug|Any CPU
		{04B571CD-11EC-48AE-9626-7BA1CE47CC7D}.Debug|x86.Build.0 = Debug|Any CPU
		{04B571CD-11EC-48AE-9626-7BA1CE47CC7D}.Release|Any CPU.ActiveCfg = Release|Any CPU
		{04B571CD-11EC-48AE-9626-7BA1CE47CC7D}.Release|Any CPU.Build.0 = Release|Any CPU
		{04B571CD-11EC-48AE-9626-7BA1CE47CC7D}.Release|ARM.ActiveCfg = Release|Any CPU
		{04B571CD-11EC-48AE-9626-7BA1CE47CC7D}.Release|ARM.Build.0 = Release|Any CPU
		{04B571CD-11EC-48AE-9626-7BA1CE47CC7D}.Release|ARM64.ActiveCfg = Release|Any CPU
		{04B571CD-11EC-48AE-9626-7BA1CE47CC7D}.Release|ARM64.Build.0 = Release|Any CPU
		{04B571CD-11EC-48AE-9626-7BA1CE47CC7D}.Release|x64.ActiveCfg = Release|Any CPU
		{04B571CD-11EC-48AE-9626-7BA1CE47CC7D}.Release|x64.Build.0 = Release|Any CPU
		{04B571CD-11EC-48AE-9626-7BA1CE47CC7D}.Release|x86.ActiveCfg = Release|Any CPU
		{04B571CD-11EC-48AE-9626-7BA1CE47CC7D}.Release|x86.Build.0 = Release|Any CPU
	EndGlobalSection
	GlobalSection(SolutionProperties) = preSolution
		HideSolutionNode = FALSE
	EndGlobalSection
	GlobalSection(ExtensibilityGlobals) = postSolution
		SolutionGuid = {A019E092-BE15-42D7-BF76-D7A432DC5D8E}
	EndGlobalSection
EndGlobal
